
Microsoft Visual Studio Solution File, Format Version 12.00
# Visual Studio Version 16
VisualStudioVersion = 16.0.30907.101
MinimumVisualStudioVersion = 10.0.40219.1
Project("{FAE04EC0-301F-11D3-BF4B-00C04F79EFBC}") = "WebAPI", "WebAPI.csproj", "{E6608FD0-698D-4113-A968-CA2E12F19602}"
EndProject
Global
	GlobalSection(SolutionConfigurationPlatforms) = preSolution
		Debug|Any CPU = Debug|Any CPU
		Release|Any CPU = Release|Any CPU
	EndGlobalSection
	GlobalSection(ProjectConfigurationPlatforms) = postSolution
		{E6608FD0-698D-4113-A968-CA2E12F19602}.Debug|Any CPU.ActiveCfg = Debug|Any CPU
		{E6608FD0-698D-4113-A968-CA2E12F19602}.Debug|Any CPU.Build.0 = Debug|Any CPU
		{E6608FD0-698D-4113-A968-CA2E12F19602}.Release|Any CPU.ActiveCfg = Release|Any CPU
		{E6608FD0-698D-4113-A968-CA2E12F19602}.Release|Any CPU.Build.0 = Release|Any CPU
	EndGlobalSection
	GlobalSection(SolutionProperties) = preSolution
		HideSolutionNode = FALSE
	EndGlobalSection
	GlobalSection(ExtensibilityGlobals) = postSolution
		SolutionGuid = {D8D1D4F5-9151-4E58-A9B8-E5AB53D91175}
	EndGlobalSection
EndGlobal
